
Microsoft Visual Studio Solution File, Format Version 12.00
# Visual Studio Version 16
VisualStudioVersion = 16.0.29613.14
MinimumVisualStudioVersion = 10.0.40219.1
Project("{FAE04EC0-301F-11D3-BF4B-00C04F79EFBC}") = "ProGym", "ProGym\ProGym.csproj", "{C9FE47D2-64A4-42C8-A9A7-D9477A6D300B}"
EndProject
Project("{FAE04EC0-301F-11D3-BF4B-00C04F79EFBC}") = "ProGym.Tests", "ProGym.Tests\ProGym.Tests.csproj", "{3780DB74-125B-43D0-ACDD-9A5128A9141B}"
EndProject
Global
	GlobalSection(SolutionConfigurationPlatforms) = preSolution
		Debug|Any CPU = Debug|Any CPU
		Release|Any CPU = Release|Any CPU
	EndGlobalSection
	GlobalSection(ProjectConfigurationPlatforms) = postSolution
		{C9FE47D2-64A4-42C8-A9A7-D9477A6D300B}.Debug|Any CPU.ActiveCfg = Debug|Any CPU
		{C9FE47D2-64A4-42C8-A9A7-D9477A6D300B}.Debug|Any CPU.Build.0 = Debug|Any CPU
		{C9FE47D2-64A4-42C8-A9A7-D9477A6D300B}.Release|Any CPU.ActiveCfg = Release|Any CPU
		{C9FE47D2-64A4-42C8-A9A7-D9477A6D300B}.Release|Any CPU.Build.0 = Release|Any CPU
		{3780DB74-125B-43D0-ACDD-9A5128A9141B}.Debug|Any CPU.ActiveCfg = Debug|Any CPU
		{3780DB74-125B-43D0-ACDD-9A5128A9141B}.Debug|Any CPU.Build.0 = Debug|Any CPU
		{3780DB74-125B-43D0-ACDD-9A5128A9141B}.Release|Any CPU.ActiveCfg = Release|Any CPU
		{3780DB74-125B-43D0-ACDD-9A5128A9141B}.Release|Any CPU.Build.0 = Release|Any CPU
	EndGlobalSection
	GlobalSection(SolutionProperties) = preSolution
		HideSolutionNode = FALSE
	EndGlobalSection
	GlobalSection(ExtensibilityGlobals) = postSolution
		SolutionGuid = {CF636965-22C8-4EC4-BA13-CD12C7EBE8F1}
	EndGlobalSection
EndGlobal
